PODS:
  - CocoaLumberjack (2.2.0):
    - CocoaLumberjack/Default (= 2.2.0)
    - CocoaLumberjack/Extensions (= 2.2.0)
  - CocoaLumberjack/Core (2.2.0)
  - CocoaLumberjack/Default (2.2.0):
    - CocoaLumberjack/Core
  - CocoaLumberjack/Extensions (2.2.0):
    - CocoaLumberjack/Default
  - SVGgh (1.5.1)
  - SVGKit (2.x):
    - CocoaLumberjack (~> 2.x)

DEPENDENCIES:
  - SVGgh
  - SVGKit (from `https://github.com/SVGKit/SVGKit.git`, branch `2.x`)

EXTERNAL SOURCES:
  SVGKit:
    :branch: 2.x
    :git: https://github.com/SVGKit/SVGKit.git

CHECKOUT OPTIONS:
  SVGKit:
    :commit: e5c304ce6f4729f1059a82b2f0ece0c6b630d9b2
    :git: https://github.com/SVGKit/SVGKit.git

SPEC CHECKSUMS:
  CocoaLumberjack: 17fe8581f84914d5d7e6360f7c70022b173c3ae0
  SVGgh: 770e25ffa6abe6a4c64230cf383f6044cfb7956e
  SVGKit: 9c3f82b4405aca2dc4d9f307050ede8a6a92d052

COCOAPODS: 0.39.0
